
Microsoft Visual Studio Solution File, Format Version 12.00
# Visual Studio Version 17
VisualStudioVersion = 17.5.33530.505
MinimumVisualStudioVersion = 10.0.40219.1
Project("{FAE04EC0-301F-11D3-BF4B-00C04F79EFBC}") = "WS", "WS\WS.csproj", "{159ADAB7-C1F8-4E22-9ADD-80F1A15FAA65}"
EndProject
Global
	GlobalSection(SolutionConfigurationPlatforms) = preSolution
		Debug|Any CPU = Debug|Any CPU
		Release|Any CPU = Release|Any CPU
	EndGlobalSection
	GlobalSection(ProjectConfigurationPlatforms) = postSolution
		{159ADAB7-C1F8-4E22-9ADD-80F1A15FAA65}.Debug|Any CPU.ActiveCfg = Debug|Any CPU
		{159ADAB7-C1F8-4E22-9ADD-80F1A15FAA65}.Debug|Any CPU.Build.0 = Debug|Any CPU
		{159ADAB7-C1F8-4E22-9ADD-80F1A15FAA65}.Release|Any CPU.ActiveCfg = Release|Any CPU
		{159ADAB7-C1F8-4E22-9ADD-80F1A15FAA65}.Release|Any CPU.Build.0 = Release|Any CPU
	EndGlobalSection
	GlobalSection(SolutionProperties) = preSolution
		HideSolutionNode = FALSE
	EndGlobalSection
	GlobalSection(ExtensibilityGlobals) = postSolution
		SolutionGuid = {26C7C558-F88F-451B-A6DF-403C035980C1}
	EndGlobalSection
EndGlobal
